{
  "name": "backend",
  "lockfileVersion": 2,
  "requires": true,
  "packages": {
    "": {
      "dependencies": {
        "jquery-bbq": "^1.0.0"
      }
    },
    "node_modules/jquery": {
      "version": "1.12.4",
      "resolved": "https://registry.npmjs.org/jquery/-/jquery-1.12.4.tgz",
      "integrity": "sha512-UEVp7PPK9xXYSk8xqXCJrkXnKZtlgWkd2GsAQbMRFK6S/ePU2JN5G2Zum8hIVjzR3CpdfSqdqAzId/xd4TJHeg=="
    },
    "node_modules/jquery-bbq": {
      "version": "1.0.0",
      "resolved": "https://registry.npmjs.org/jquery-bbq/-/jquery-bbq-1.0.0.tgz",
      "integrity": "sha512-yzXqG8MrGx+JArWEvzzhn8Y54p9m7oxAnHdydGn3b/cFtaJ0CWZ/WWo/1ioBiyNivH4MaA//HE7K0Tla9FD+4g==",
      "dependencies": {
        "jquery": "^1.9.1"
      }
    }
  },
  "dependencies": {
    "jquery": {
      "version": "1.12.4",
      "resolved": "https://registry.npmjs.org/jquery/-/jquery-1.12.4.tgz",
      "integrity": "sha512-UEVp7PPK9xXYSk8xqXCJrkXnKZtlgWkd2GsAQbMRFK6S/ePU2JN5G2Zum8hIVjzR3CpdfSqdqAzId/xd4TJHeg=="
    },
    "jquery-bbq": {
      "version": "1.0.0",
      "resolved": "https://registry.npmjs.org/jquery-bbq/-/jquery-bbq-1.0.0.tgz",
      "integrity": "sha512-yzXqG8MrGx+JArWEvzzhn8Y54p9m7oxAnHdydGn3b/cFtaJ0CWZ/WWo/1ioBiyNivH4MaA//HE7K0Tla9FD+4g==",
      "requires": {
        "jquery": "^1.9.1"
      }
    }
  }
}
